{
  "version": 4,
  "terraform_version": "0.13.3",
  "serial": 33,
  "lineage": "ff3f2f6a-4771-cb1c-0658-6be179d609ec",
  "outputs": {},
  "resources": [
    {
      "mode": "data",
      "type": "aws_eks_cluster",
      "name": "cluster",
      "provider": "provider[\"registry.terraform.io/hashicorp/aws\"]",
      "instances": [
        {
          "schema_version": 0,
          "attributes": {
            "arn": "arn:aws:eks:eu-west-1:639665472525:cluster/gordon-terraform-eks",
            "certificate_authority": [
              {
                "data": "LS0tLS1CRUdJTiBDRVJUSUZJQ0FURS0tLS0tCk1JSUN5RENDQWJDZ0F3SUJBZ0lCQURBTkJna3Foa2lHOXcwQkFRc0ZBREFWTVJNd0VRWURWUVFERXdwcmRXSmwKY201bGRHVnpNQjRYRFRJd01Ea3lNREUyTWprd01Wb1hEVE13TURreE9ERTJNamt3TVZvd0ZURVRNQkVHQTFVRQpBeE1LYTNWaVpYSnVaWFJsY3pDQ0FTSXdEUVlKS29aSWh2Y05BUUVCQlFBRGdnRVBBRENDQVFvQ2dnRUJBTjdLCnUya2lIVnNHVDlmODgvMzV4MjBKVElBcGRoV0FVQmVvTFV5ZGlLS09ya2dXazZrQ1l0dXE2bzZYRlRacFdMeGIKbkZyNXR5bnhKTk8vYVpzcXBVNjVjVU5HT3diZVJKRlA3bGJ2T0xDYTB1K0hXaTJKYnNSWHpNZENET2todE1QdApieWZiclNPdklROUtQbU5iejREWmpOcUZGTzY0eEdOY0NQYjA4WVUrZUFDS2VkdEdRTkNIQUtKSURKNWZ1QVBRCkdTaUJIUHJPKzBrcURXU2J5aFByK1ZmYWtVZEJqbVRpbU1mWDVBaFJhaGFWaFN3U05pYW5YSjM5dGtiNUJOMmwKU0FDZC9oTmxrUGdEK2ZuTHNmWEpmcDVUVnlYQUlkZE0xb1VWUEVST0RadHRlZnRSRFhHRk5kUUFiNUtUdFNMbgpFVXROSXZyaDB5MVM3UDdsc0dNQ0F3RUFBYU1qTUNFd0RnWURWUjBQQVFIL0JBUURBZ0trTUE4R0ExVWRFd0VCCi93UUZNQU1CQWY4d0RRWUpLb1pJaHZjTkFRRUxCUUFEZ2dFQkFCVmFZeFpReWt0eFJKSEJiTzJBeHRnRUNVbXMKVExRWUZEdGs3RTZGMWUrNGR4WWdXT21JMW5KaXhNa0VoOWNPMzJBY2NNNExqNGpSeHd5NDAySUpiNGowMFpqYgpBbWFrdWMyb1hneVVZSGlMcjJBU0NiV2lTeEszV204YWdETW9lUjFWMTcvbDY3Znp2Kys1NXREdnlLRWhBWk00CkNYOG5ZYlU0TjhsbEdnZzJudDRTdWVrUStLTWZCR0w5Z0R1M3hXMFZXTUxydExOK21odkZ2V1pWVSt1Qy9xbDMKNDVKM016N29HTUphUE1yOXN3Ui9lM2E5WWtueGc5TE53VDZYdmo1SXhwSFFmMS9NQ2htSkQ5VTZBRkRZMVhGSgpkOHYvdit1ZG1mTGxSQURhbmV3ZzlJNjlMQ0U3T25BMTRad0srbzBpbDlCdUlEeGpvVXM5R3BxZThwQT0KLS0tLS1FTkQgQ0VSVElGSUNBVEUtLS0tLQo="
              }
            ],
            "created_at": "2020-09-20 16:21:24.805 +0000 UTC",
            "enabled_cluster_log_types": [],
            "endpoint": "https://5B51C6DC400843F2E2AC1C8D4869CAE5.yl4.eu-west-1.eks.amazonaws.com",
            "id": "gordon-terraform-eks",
            "identity": [
              {
                "oidc": [
                  {
                    "issuer": "https://oidc.eks.eu-west-1.amazonaws.com/id/5B51C6DC400843F2E2AC1C8D4869CAE5"
                  }
                ]
              }
            ],
            "name": "gordon-terraform-eks",
            "platform_version": "eks.3",
            "role_arn": "arn:aws:iam::639665472525:role/gordon-terraform-eks20200920160814096500000001",
            "status": "ACTIVE",
            "tags": {},
            "version": "1.17",
            "vpc_config": [
              {
                "cluster_security_group_id": "sg-0fe6ea9b908bc48ad",
                "endpoint_private_access": false,
                "endpoint_public_access": true,
                "public_access_cidrs": [
                  "0.0.0.0/0"
                ],
                "security_group_ids": [
                  "sg-0cf3e80aca92d5991"
                ],
                "subnet_ids": [
                  "subnet-228d6d7b",
                  "subnet-3d94594a",
                  "subnet-97983ff2"
                ],
                "vpc_id": "vpc-8704fae2"
              }
            ]
          }
        }
      ]
    },
    {
      "mode": "data",
      "type": "aws_eks_cluster_auth",
      "name": "cluster",
      "provider": "provider[\"registry.terraform.io/hashicorp/aws\"]",
      "instances": [
        {
          "schema_version": 0,
          "attributes": {
            "id": "2020-09-20 17:53:07.319194 +0000 UTC",
            "name": "gordon-terraform-eks",
            "token": "k8s-aws-v1.aHR0cHM6Ly9zdHMuYW1hem9uYXdzLmNvbS8_QWN0aW9uPUdldENhbGxlcklkZW50aXR5JlZlcnNpb249MjAxMS0wNi0xNSZYLUFtei1BbGdvcml0aG09QVdTNC1ITUFDLVNIQTI1NiZYLUFtei1DcmVkZW50aWFsPUFLSUFaSjNZSVFRRzcyUUY0M00yJTJGMjAyMDA5MjAlMkZ1cy1lYXN0LTElMkZzdHMlMkZhd3M0X3JlcXVlc3QmWC1BbXotRGF0ZT0yMDIwMDkyMFQxNzUzMDdaJlgtQW16LUV4cGlyZXM9MCZYLUFtei1TaWduZWRIZWFkZXJzPWhvc3QlM0J4LWs4cy1hd3MtaWQmWC1BbXotU2lnbmF0dXJlPTUwMjQ4ZTY0NTNiNjdhMjZiODUxNmUyNWUyNjA4NGI3ZTFiMGM3ZjlhY2FmMDJlMjhlMDMyZDc4YWZjMjlhYWI"
          }
        }
      ]
    },
    {
      "module": "module.my-cluster",
      "mode": "data",
      "type": "aws_ami",
      "name": "eks_worker",
      "provider": "provider[\"registry.terraform.io/hashicorp/aws\"]",
      "instances": [
        {
          "schema_version": 0,
          "attributes": {
            "architecture": "x86_64",
            "arn": "arn:aws:ec2:eu-west-1::image/ami-0af93ebcaa763f50b",
            "block_device_mappings": [
              {
                "device_name": "/dev/xvda",
                "ebs": {
                  "delete_on_termination": "true",
                  "encrypted": "false",
                  "iops": "0",
                  "snapshot_id": "snap-0616bc28cbf493daf",
                  "volume_size": "20",
                  "volume_type": "gp2"
                },
                "no_device": "",
                "virtual_name": ""
              }
            ],
            "creation_date": "2020-09-04T10:45:48.000Z",
            "description": "EKS Kubernetes Worker AMI with AmazonLinux2 image, (k8s: 1.17.9, docker:19.03.6ce-4.amzn2)",
            "executable_users": null,
            "filter": [
              {
                "name": "name",
                "values": [
                  "amazon-eks-node-1.17-v*"
                ]
              }
            ],
            "hypervisor": "xen",
            "id": "ami-0af93ebcaa763f50b",
            "image_id": "ami-0af93ebcaa763f50b",
            "image_location": "amazon/amazon-eks-node-1.17-v20200904",
            "image_owner_alias": "amazon",
            "image_type": "machine",
            "kernel_id": null,
            "most_recent": true,
            "name": "amazon-eks-node-1.17-v20200904",
            "name_regex": null,
            "owner_id": "602401143452",
            "owners": [
              "602401143452"
            ],
            "platform": null,
            "product_codes": [],
            "public": true,
            "ramdisk_id": null,
            "root_device_name": "/dev/xvda",
            "root_device_type": "ebs",
            "root_snapshot_id": "snap-0616bc28cbf493daf",
            "sriov_net_support": "simple",
            "state": "available",
            "state_reason": {
              "code": "UNSET",
              "message": "UNSET"
            },
            "tags": {},
            "virtualization_type": "hvm"
          }
        }
      ]
    },
    {
      "module": "module.my-cluster",
      "mode": "data",
      "type": "aws_ami",
      "name": "eks_worker_windows",
      "provider": "provider[\"registry.terraform.io/hashicorp/aws\"]",
      "instances": [
        {
          "schema_version": 0,
          "attributes": {
            "architecture": "x86_64",
            "arn": "arn:aws:ec2:eu-west-1::image/ami-059dd50aa82b04356",
            "block_device_mappings": [
              {
                "device_name": "/dev/sda1",
                "ebs": {
                  "delete_on_termination": "true",
                  "encrypted": "false",
                  "iops": "0",
                  "snapshot_id": "snap-0d2b2930fe9e185bc",
                  "volume_size": "50",
                  "volume_type": "gp2"
                },
                "no_device": "",
                "virtual_name": ""
              },
              {
                "device_name": "xvdca",
                "ebs": {},
                "no_device": "",
                "virtual_name": "ephemeral0"
              },
              {
                "device_name": "xvdcb",
                "ebs": {},
                "no_device": "",
                "virtual_name": "ephemeral1"
              },
              {
                "device_name": "xvdcc",
                "ebs": {},
                "no_device": "",
                "virtual_name": "ephemeral2"
              },
              {
                "device_name": "xvdcd",
                "ebs": {},
                "no_device": "",
                "virtual_name": "ephemeral3"
              },
              {
                "device_name": "xvdce",
                "ebs": {},
                "no_device": "",
                "virtual_name": "ephemeral4"
              },
              {
                "device_name": "xvdcf",
                "ebs": {},
                "no_device": "",
                "virtual_name": "ephemeral5"
              },
              {
                "device_name": "xvdcg",
                "ebs": {},
                "no_device": "",
                "virtual_name": "ephemeral6"
              },
              {
                "device_name": "xvdch",
                "ebs": {},
                "no_device": "",
                "virtual_name": "ephemeral7"
              },
              {
                "device_name": "xvdci",
                "ebs": {},
                "no_device": "",
                "virtual_name": "ephemeral8"
              },
              {
                "device_name": "xvdcj",
                "ebs": {},
                "no_device": "",
                "virtual_name": "ephemeral9"
              },
              {
                "device_name": "xvdck",
                "ebs": {},
                "no_device": "",
                "virtual_name": "ephemeral10"
              },
              {
                "device_name": "xvdcl",
                "ebs": {},
                "no_device": "",
                "virtual_name": "ephemeral11"
              },
              {
                "device_name": "xvdcm",
                "ebs": {},
                "no_device": "",
                "virtual_name": "ephemeral12"
              },
              {
                "device_name": "xvdcn",
                "ebs": {},
                "no_device": "",
                "virtual_name": "ephemeral13"
              },
              {
                "device_name": "xvdco",
                "ebs": {},
                "no_device": "",
                "virtual_name": "ephemeral14"
              },
              {
                "device_name": "xvdcp",
                "ebs": {},
                "no_device": "",
                "virtual_name": "ephemeral15"
              },
              {
                "device_name": "xvdcq",
                "ebs": {},
                "no_device": "",
                "virtual_name": "ephemeral16"
              },
              {
                "device_name": "xvdcr",
                "ebs": {},
                "no_device": "",
                "virtual_name": "ephemeral17"
              },
              {
                "device_name": "xvdcs",
                "ebs": {},
                "no_device": "",
                "virtual_name": "ephemeral18"
              },
              {
                "device_name": "xvdct",
                "ebs": {},
                "no_device": "",
                "virtual_name": "ephemeral19"
              },
              {
                "device_name": "xvdcu",
                "ebs": {},
                "no_device": "",
                "virtual_name": "ephemeral20"
              },
              {
                "device_name": "xvdcv",
                "ebs": {},
                "no_device": "",
                "virtual_name": "ephemeral21"
              },
              {
                "device_name": "xvdcw",
                "ebs": {},
                "no_device": "",
                "virtual_name": "ephemeral22"
              },
              {
                "device_name": "xvdcx",
                "ebs": {},
                "no_device": "",
                "virtual_name": "ephemeral23"
              },
              {
                "device_name": "xvdcy",
                "ebs": {},
                "no_device": "",
                "virtual_name": "ephemeral24"
              },
              {
                "device_name": "xvdcz",
                "ebs": {},
                "no_device": "",
                "virtual_name": "ephemeral25"
              }
            ],
            "creation_date": "2020-09-09T06:40:26.000Z",
            "description": "Microsoft Windows Server 2019 Core optimized for EKS and provided by Amazon",
            "executable_users": null,
            "filter": [
              {
                "name": "name",
                "values": [
                  "Windows_Server-2019-English-Core-EKS_Optimized-1.17-*"
                ]
              },
              {
                "name": "platform",
                "values": [
                  "windows"
                ]
              }
            ],
            "hypervisor": "xen",
            "id": "ami-059dd50aa82b04356",
            "image_id": "ami-059dd50aa82b04356",
            "image_location": "amazon/Windows_Server-2019-English-Core-EKS_Optimized-1.17-2020.09.09",
            "image_owner_alias": "amazon",
            "image_type": "machine",
            "kernel_id": null,
            "most_recent": true,
            "name": "Windows_Server-2019-English-Core-EKS_Optimized-1.17-2020.09.09",
            "name_regex": null,
            "owner_id": "801119661308",
            "owners": [
              "801119661308"
            ],
            "platform": "windows",
            "product_codes": [],
            "public": true,
            "ramdisk_id": null,
            "root_device_name": "/dev/sda1",
            "root_device_type": "ebs",
            "root_snapshot_id": "snap-0d2b2930fe9e185bc",
            "sriov_net_support": "simple",
            "state": "available",
            "state_reason": {
              "code": "UNSET",
              "message": "UNSET"
            },
            "tags": {},
            "virtualization_type": "hvm"
          }
        }
      ]
    },
    {
      "module": "module.my-cluster",
      "mode": "data",
      "type": "aws_caller_identity",
      "name": "current",
      "provider": "provider[\"registry.terraform.io/hashicorp/aws\"]",
      "instances": [
        {
          "schema_version": 0,
          "attributes": {
            "account_id": "639665472525",
            "arn": "arn:aws:iam::639665472525:user/gordon_terraform_eks",
            "id": "2020-09-20 17:53:06.849091 +0000 UTC",
            "user_id": "AIDAZJ3YIQQGT7S4WF77P"
          }
        }
      ]
    },
    {
      "module": "module.my-cluster",
      "mode": "data",
      "type": "aws_iam_policy_document",
      "name": "cluster_assume_role_policy",
      "provider": "provider[\"registry.terraform.io/hashicorp/aws\"]",
      "instances": [
        {
          "schema_version": 0,
          "attributes": {
            "id": "2764486067",
            "json": "{\n  \"Version\": \"2012-10-17\",\n  \"Statement\": [\n    {\n      \"Sid\": \"EKSClusterAssumeRole\",\n      \"Effect\": \"Allow\",\n      \"Action\": \"sts:AssumeRole\",\n      \"Principal\": {\n        \"Service\": \"eks.amazonaws.com\"\n      }\n    }\n  ]\n}",
            "override_json": null,
            "policy_id": null,
            "source_json": null,
            "statement": [
              {
                "actions": [
                  "sts:AssumeRole"
                ],
                "condition": [],
                "effect": "Allow",
                "not_actions": [],
                "not_principals": [],
                "not_resources": [],
                "principals": [
                  {
                    "identifiers": [
                      "eks.amazonaws.com"
                    ],
                    "type": "Service"
                  }
                ],
                "resources": [],
                "sid": "EKSClusterAssumeRole"
              }
            ],
            "version": "2012-10-17"
          }
        }
      ]
    },
    {
      "module": "module.my-cluster",
      "mode": "data",
      "type": "aws_iam_policy_document",
      "name": "cluster_elb_sl_role_creation",
      "provider": "provider[\"registry.terraform.io/hashicorp/aws\"]",
      "instances": [
        {
          "index_key": 0,
          "schema_version": 0,
          "attributes": {
            "id": "3407219844",
            "json": "{\n  \"Version\": \"2012-10-17\",\n  \"Statement\": [\n    {\n      \"Sid\": \"\",\n      \"Effect\": \"Allow\",\n      \"Action\": [\n        \"ec2:DescribeInternetGateways\",\n        \"ec2:DescribeAccountAttributes\"\n      ],\n      \"Resource\": \"*\"\n    }\n  ]\n}",
            "override_json": null,
            "policy_id": null,
            "source_json": null,
            "statement": [
              {
                "actions": [
                  "ec2:DescribeAccountAttributes",
                  "ec2:DescribeInternetGateways"
                ],
                "condition": [],
                "effect": "Allow",
                "not_actions": [],
                "not_principals": [],
                "not_resources": [],
                "principals": [],
                "resources": [
                  "*"
                ],
                "sid": ""
              }
            ],
            "version": "2012-10-17"
          }
        }
      ]
    },
    {
      "module": "module.my-cluster",
      "mode": "data",
      "type": "aws_iam_policy_document",
      "name": "workers_assume_role_policy",
      "provider": "provider[\"registry.terraform.io/hashicorp/aws\"]",
      "instances": [
        {
          "schema_version": 0,
          "attributes": {
            "id": "3778018924",
            "json": "{\n  \"Version\": \"2012-10-17\",\n  \"Statement\": [\n    {\n      \"Sid\": \"EKSWorkerAssumeRole\",\n      \"Effect\": \"Allow\",\n      \"Action\": \"sts:AssumeRole\",\n      \"Principal\": {\n        \"Service\": \"ec2.amazonaws.com\"\n      }\n    }\n  ]\n}",
            "override_json": null,
            "policy_id": null,
            "source_json": null,
            "statement": [
              {
                "actions": [
                  "sts:AssumeRole"
                ],
                "condition": [],
                "effect": "Allow",
                "not_actions": [],
                "not_principals": [],
                "not_resources": [],
                "principals": [
                  {
                    "identifiers": [
                      "ec2.amazonaws.com"
                    ],
                    "type": "Service"
                  }
                ],
                "resources": [],
                "sid": "EKSWorkerAssumeRole"
              }
            ],
            "version": "2012-10-17"
          }
        }
      ]
    },
    {
      "module": "module.my-cluster",
      "mode": "data",
      "type": "aws_partition",
      "name": "current",
      "provider": "provider[\"registry.terraform.io/hashicorp/aws\"]",
      "instances": [
        {
          "schema_version": 0,
          "attributes": {
            "dns_suffix": "amazonaws.com",
            "id": "2020-09-20 17:53:04.569612 +0000 UTC",
            "partition": "aws"
          }
        }
      ]
    },
    {
      "module": "module.my-cluster",
      "mode": "data",
      "type": "template_file",
      "name": "userdata",
      "provider": "provider[\"registry.terraform.io/hashicorp/template\"]",
      "instances": [
        {
          "index_key": 0,
          "schema_version": 0,
          "attributes": {
            "filename": null,
            "id": "b96cd1e122162c09f4c4b39413b6c977e1844b7a45b8db06729cd8ee01eafdf2",
            "rendered": "#!/bin/bash -xe\n\n# Allow user supplied pre userdata code\n\n\n# Bootstrap and join the cluster\n/etc/eks/bootstrap.sh --b64-cluster-ca 'LS0tLS1CRUdJTiBDRVJUSUZJQ0FURS0tLS0tCk1JSUN5RENDQWJDZ0F3SUJBZ0lCQURBTkJna3Foa2lHOXcwQkFRc0ZBREFWTVJNd0VRWURWUVFERXdwcmRXSmwKY201bGRHVnpNQjRYRFRJd01Ea3lNREUyTWprd01Wb1hEVE13TURreE9ERTJNamt3TVZvd0ZURVRNQkVHQTFVRQpBeE1LYTNWaVpYSnVaWFJsY3pDQ0FTSXdEUVlKS29aSWh2Y05BUUVCQlFBRGdnRVBBRENDQVFvQ2dnRUJBTjdLCnUya2lIVnNHVDlmODgvMzV4MjBKVElBcGRoV0FVQmVvTFV5ZGlLS09ya2dXazZrQ1l0dXE2bzZYRlRacFdMeGIKbkZyNXR5bnhKTk8vYVpzcXBVNjVjVU5HT3diZVJKRlA3bGJ2T0xDYTB1K0hXaTJKYnNSWHpNZENET2todE1QdApieWZiclNPdklROUtQbU5iejREWmpOcUZGTzY0eEdOY0NQYjA4WVUrZUFDS2VkdEdRTkNIQUtKSURKNWZ1QVBRCkdTaUJIUHJPKzBrcURXU2J5aFByK1ZmYWtVZEJqbVRpbU1mWDVBaFJhaGFWaFN3U05pYW5YSjM5dGtiNUJOMmwKU0FDZC9oTmxrUGdEK2ZuTHNmWEpmcDVUVnlYQUlkZE0xb1VWUEVST0RadHRlZnRSRFhHRk5kUUFiNUtUdFNMbgpFVXROSXZyaDB5MVM3UDdsc0dNQ0F3RUFBYU1qTUNFd0RnWURWUjBQQVFIL0JBUURBZ0trTUE4R0ExVWRFd0VCCi93UUZNQU1CQWY4d0RRWUpLb1pJaHZjTkFRRUxCUUFEZ2dFQkFCVmFZeFpReWt0eFJKSEJiTzJBeHRnRUNVbXMKVExRWUZEdGs3RTZGMWUrNGR4WWdXT21JMW5KaXhNa0VoOWNPMzJBY2NNNExqNGpSeHd5NDAySUpiNGowMFpqYgpBbWFrdWMyb1hneVVZSGlMcjJBU0NiV2lTeEszV204YWdETW9lUjFWMTcvbDY3Znp2Kys1NXREdnlLRWhBWk00CkNYOG5ZYlU0TjhsbEdnZzJudDRTdWVrUStLTWZCR0w5Z0R1M3hXMFZXTUxydExOK21odkZ2V1pWVSt1Qy9xbDMKNDVKM016N29HTUphUE1yOXN3Ui9lM2E5WWtueGc5TE53VDZYdmo1SXhwSFFmMS9NQ2htSkQ5VTZBRkRZMVhGSgpkOHYvdit1ZG1mTGxSQURhbmV3ZzlJNjlMQ0U3T25BMTRad0srbzBpbDlCdUlEeGpvVXM5R3BxZThwQT0KLS0tLS1FTkQgQ0VSVElGSUNBVEUtLS0tLQo=' --apiserver-endpoint 'https://5B51C6DC400843F2E2AC1C8D4869CAE5.yl4.eu-west-1.eks.amazonaws.com'  --kubelet-extra-args \"--node-labels=node.kubernetes.io/lifecycle=spot\" 'gordon-terraform-eks'\n\n# Allow user supplied userdata code\n\n",
            "template": "#!/bin/bash -xe\n\n# Allow user supplied pre userdata code\n${pre_userdata}\n\n# Bootstrap and join the cluster\n/etc/eks/bootstrap.sh --b64-cluster-ca '${cluster_auth_base64}' --apiserver-endpoint '${endpoint}' ${bootstrap_extra_args} --kubelet-extra-args \"${kubelet_extra_args}\" '${cluster_name}'\n\n# Allow user supplied userdata code\n${additional_userdata}\n",
            "vars": {
              "additional_userdata": "",
              "bootstrap_extra_args": "",
              "cluster_auth_base64": "LS0tLS1CRUdJTiBDRVJUSUZJQ0FURS0tLS0tCk1JSUN5RENDQWJDZ0F3SUJBZ0lCQURBTkJna3Foa2lHOXcwQkFRc0ZBREFWTVJNd0VRWURWUVFERXdwcmRXSmwKY201bGRHVnpNQjRYRFRJd01Ea3lNREUyTWprd01Wb1hEVE13TURreE9ERTJNamt3TVZvd0ZURVRNQkVHQTFVRQpBeE1LYTNWaVpYSnVaWFJsY3pDQ0FTSXdEUVlKS29aSWh2Y05BUUVCQlFBRGdnRVBBRENDQVFvQ2dnRUJBTjdLCnUya2lIVnNHVDlmODgvMzV4MjBKVElBcGRoV0FVQmVvTFV5ZGlLS09ya2dXazZrQ1l0dXE2bzZYRlRacFdMeGIKbkZyNXR5bnhKTk8vYVpzcXBVNjVjVU5HT3diZVJKRlA3bGJ2T0xDYTB1K0hXaTJKYnNSWHpNZENET2todE1QdApieWZiclNPdklROUtQbU5iejREWmpOcUZGTzY0eEdOY0NQYjA4WVUrZUFDS2VkdEdRTkNIQUtKSURKNWZ1QVBRCkdTaUJIUHJPKzBrcURXU2J5aFByK1ZmYWtVZEJqbVRpbU1mWDVBaFJhaGFWaFN3U05pYW5YSjM5dGtiNUJOMmwKU0FDZC9oTmxrUGdEK2ZuTHNmWEpmcDVUVnlYQUlkZE0xb1VWUEVST0RadHRlZnRSRFhHRk5kUUFiNUtUdFNMbgpFVXROSXZyaDB5MVM3UDdsc0dNQ0F3RUFBYU1qTUNFd0RnWURWUjBQQVFIL0JBUURBZ0trTUE4R0ExVWRFd0VCCi93UUZNQU1CQWY4d0RRWUpLb1pJaHZjTkFRRUxCUUFEZ2dFQkFCVmFZeFpReWt0eFJKSEJiTzJBeHRnRUNVbXMKVExRWUZEdGs3RTZGMWUrNGR4WWdXT21JMW5KaXhNa0VoOWNPMzJBY2NNNExqNGpSeHd5NDAySUpiNGowMFpqYgpBbWFrdWMyb1hneVVZSGlMcjJBU0NiV2lTeEszV204YWdETW9lUjFWMTcvbDY3Znp2Kys1NXREdnlLRWhBWk00CkNYOG5ZYlU0TjhsbEdnZzJudDRTdWVrUStLTWZCR0w5Z0R1M3hXMFZXTUxydExOK21odkZ2V1pWVSt1Qy9xbDMKNDVKM016N29HTUphUE1yOXN3Ui9lM2E5WWtueGc5TE53VDZYdmo1SXhwSFFmMS9NQ2htSkQ5VTZBRkRZMVhGSgpkOHYvdit1ZG1mTGxSQURhbmV3ZzlJNjlMQ0U3T25BMTRad0srbzBpbDlCdUlEeGpvVXM5R3BxZThwQT0KLS0tLS1FTkQgQ0VSVElGSUNBVEUtLS0tLQo=",
              "cluster_name": "gordon-terraform-eks",
              "endpoint": "https://5B51C6DC400843F2E2AC1C8D4869CAE5.yl4.eu-west-1.eks.amazonaws.com",
              "kubelet_extra_args": "--node-labels=node.kubernetes.io/lifecycle=spot",
              "platform": "linux",
              "pre_userdata": ""
            }
          }
        }
      ]
    },
    {
      "module": "module.my-cluster",
      "mode": "managed",
      "type": "aws_autoscaling_group",
      "name": "workers",
      "provider": "provider[\"registry.terraform.io/hashicorp/aws\"]",
      "instances": [
        {
          "index_key": 0,
          "schema_version": 0,
          "attributes": {
            "arn": "arn:aws:autoscaling:eu-west-1:639665472525:autoScalingGroup:3b335f19-cb60-4e98-90ac-621cd5f2efdb:autoScalingGroupName/gordon-terraform-eks-020200920163459867600000007",
            "availability_zones": [
              "eu-west-1a",
              "eu-west-1b",
              "eu-west-1c"
            ],
            "default_cooldown": 300,
            "desired_capacity": 1,
            "enabled_metrics": [],
            "force_delete": false,
            "health_check_grace_period": 300,
            "health_check_type": "EC2",
            "id": "gordon-terraform-eks-020200920163459867600000007",
            "initial_lifecycle_hook": [],
            "launch_configuration": "gordon-terraform-eks-020200920163453293100000006",
            "launch_template": [],
            "load_balancers": [],
            "max_instance_lifetime": 0,
            "max_size": 3,
            "metrics_granularity": "1Minute",
            "min_elb_capacity": null,
            "min_size": 1,
            "mixed_instances_policy": [],
            "name": "gordon-terraform-eks-020200920163459867600000007",
            "name_prefix": "gordon-terraform-eks-0",
            "placement_group": "",
            "protect_from_scale_in": false,
            "service_linked_role_arn": "arn:aws:iam::639665472525:role/aws-service-role/autoscaling.amazonaws.com/AWSServiceRoleForAutoScaling",
            "suspended_processes": [
              "AZRebalance"
            ],
            "tag": [],
            "tags": [
              {
                "key": "Name",
                "propagate_at_launch": "true",
                "value": "gordon-terraform-eks-0-eks_asg"
              },
              {
                "key": "k8s.io/cluster/gordon-terraform-eks",
                "propagate_at_launch": "true",
                "value": "owned"
              },
              {
                "key": "kubernetes.io/cluster/gordon-terraform-eks",
                "propagate_at_launch": "true",
                "value": "owned"
              }
            ],
            "target_group_arns": [],
            "termination_policies": [],
            "timeouts": null,
            "vpc_zone_identifier": [
              "subnet-228d6d7b",
              "subnet-3d94594a",
              "subnet-97983ff2"
            ],
            "wait_for_capacity_timeout": "10m",
            "wait_for_elb_capacity": null
          },
          "private": "eyJlMmJmYjczMC1lY2FhLTExZTYtOGY4OC0zNDM2M2JjN2M0YzAiOnsiZGVsZXRlIjo2MDAwMDAwMDAwMDB9fQ==",
          "dependencies": [
            "module.my-cluster.aws_cloudwatch_log_group.this",
            "module.my-cluster.aws_eks_cluster.this",
            "module.my-cluster.aws_iam_instance_profile.workers",
            "module.my-cluster.aws_iam_role.cluster",
            "module.my-cluster.aws_iam_role.workers",
            "module.my-cluster.aws_iam_role_policy_attachment.cluster_AmazonEKSClusterPolicy",
            "module.my-cluster.aws_iam_role_policy_attachment.cluster_AmazonEKSServicePolicy",
            "module.my-cluster.aws_iam_role_policy_attachment.workers_AmazonEC2ContainerRegistryReadOnly",
            "module.my-cluster.aws_iam_role_policy_attachment.workers_AmazonEKSWorkerNodePolicy",
            "module.my-cluster.aws_iam_role_policy_attachment.workers_AmazonEKS_CNI_Policy",
            "module.my-cluster.aws_iam_role_policy_attachment.workers_additional_policies",
            "module.my-cluster.aws_launch_configuration.workers",
            "module.my-cluster.aws_security_group.cluster",
            "module.my-cluster.aws_security_group.workers",
            "module.my-cluster.aws_security_group_rule.cluster_egress_internet",
            "module.my-cluster.aws_security_group_rule.cluster_https_worker_ingress",
            "module.my-cluster.aws_security_group_rule.cluster_primary_ingress_workers",
            "module.my-cluster.aws_security_group_rule.workers_egress_internet",
            "module.my-cluster.aws_security_group_rule.workers_ingress_cluster",
            "module.my-cluster.aws_security_group_rule.workers_ingress_cluster_https",
            "module.my-cluster.aws_security_group_rule.workers_ingress_cluster_kubelet",
            "module.my-cluster.aws_security_group_rule.workers_ingress_cluster_primary",
            "module.my-cluster.aws_security_group_rule.workers_ingress_self",
            "module.my-cluster.data.aws_ami.eks_worker",
            "module.my-cluster.data.aws_ami.eks_worker_windows",
            "module.my-cluster.data.aws_iam_instance_profile.custom_worker_group_iam_instance_profile",
            "module.my-cluster.data.aws_iam_policy_document.workers_assume_role_policy",
            "module.my-cluster.data.aws_iam_role.custom_cluster_iam_role",
            "module.my-cluster.data.aws_partition.current",
            "module.my-cluster.data.template_file.userdata",
            "module.my-cluster.random_pet.workers"
          ],
          "create_before_destroy": true
        }
      ]
    },
    {
      "module": "module.my-cluster",
      "mode": "managed",
      "type": "aws_eks_cluster",
      "name": "this",
      "provider": "provider[\"registry.terraform.io/hashicorp/aws\"]",
      "instances": [
        {
          "index_key": 0,
          "schema_version": 0,
          "attributes": {
            "arn": "arn:aws:eks:eu-west-1:639665472525:cluster/gordon-terraform-eks",
            "certificate_authority": [
              {
                "data": "LS0tLS1CRUdJTiBDRVJUSUZJQ0FURS0tLS0tCk1JSUN5RENDQWJDZ0F3SUJBZ0lCQURBTkJna3Foa2lHOXcwQkFRc0ZBREFWTVJNd0VRWURWUVFERXdwcmRXSmwKY201bGRHVnpNQjRYRFRJd01Ea3lNREUyTWprd01Wb1hEVE13TURreE9ERTJNamt3TVZvd0ZURVRNQkVHQTFVRQpBeE1LYTNWaVpYSnVaWFJsY3pDQ0FTSXdEUVlKS29aSWh2Y05BUUVCQlFBRGdnRVBBRENDQVFvQ2dnRUJBTjdLCnUya2lIVnNHVDlmODgvMzV4MjBKVElBcGRoV0FVQmVvTFV5ZGlLS09ya2dXazZrQ1l0dXE2bzZYRlRacFdMeGIKbkZyNXR5bnhKTk8vYVpzcXBVNjVjVU5HT3diZVJKRlA3bGJ2T0xDYTB1K0hXaTJKYnNSWHpNZENET2todE1QdApieWZiclNPdklROUtQbU5iejREWmpOcUZGTzY0eEdOY0NQYjA4WVUrZUFDS2VkdEdRTkNIQUtKSURKNWZ1QVBRCkdTaUJIUHJPKzBrcURXU2J5aFByK1ZmYWtVZEJqbVRpbU1mWDVBaFJhaGFWaFN3U05pYW5YSjM5dGtiNUJOMmwKU0FDZC9oTmxrUGdEK2ZuTHNmWEpmcDVUVnlYQUlkZE0xb1VWUEVST0RadHRlZnRSRFhHRk5kUUFiNUtUdFNMbgpFVXROSXZyaDB5MVM3UDdsc0dNQ0F3RUFBYU1qTUNFd0RnWURWUjBQQVFIL0JBUURBZ0trTUE4R0ExVWRFd0VCCi93UUZNQU1CQWY4d0RRWUpLb1pJaHZjTkFRRUxCUUFEZ2dFQkFCVmFZeFpReWt0eFJKSEJiTzJBeHRnRUNVbXMKVExRWUZEdGs3RTZGMWUrNGR4WWdXT21JMW5KaXhNa0VoOWNPMzJBY2NNNExqNGpSeHd5NDAySUpiNGowMFpqYgpBbWFrdWMyb1hneVVZSGlMcjJBU0NiV2lTeEszV204YWdETW9lUjFWMTcvbDY3Znp2Kys1NXREdnlLRWhBWk00CkNYOG5ZYlU0TjhsbEdnZzJudDRTdWVrUStLTWZCR0w5Z0R1M3hXMFZXTUxydExOK21odkZ2V1pWVSt1Qy9xbDMKNDVKM016N29HTUphUE1yOXN3Ui9lM2E5WWtueGc5TE53VDZYdmo1SXhwSFFmMS9NQ2htSkQ5VTZBRkRZMVhGSgpkOHYvdit1ZG1mTGxSQURhbmV3ZzlJNjlMQ0U3T25BMTRad0srbzBpbDlCdUlEeGpvVXM5R3BxZThwQT0KLS0tLS1FTkQgQ0VSVElGSUNBVEUtLS0tLQo="
              }
            ],
            "created_at": "2020-09-20 16:21:24.805 +0000 UTC",
            "enabled_cluster_log_types": [],
            "encryption_config": [],
            "endpoint": "https://5B51C6DC400843F2E2AC1C8D4869CAE5.yl4.eu-west-1.eks.amazonaws.com",
            "id": "gordon-terraform-eks",
            "identity": [
              {
                "oidc": [
                  {
                    "issuer": "https://oidc.eks.eu-west-1.amazonaws.com/id/5B51C6DC400843F2E2AC1C8D4869CAE5"
                  }
                ]
              }
            ],
            "name": "gordon-terraform-eks",
            "platform_version": "eks.3",
            "role_arn": "arn:aws:iam::639665472525:role/gordon-terraform-eks20200920160814096500000001",
            "status": "ACTIVE",
            "tags": {},
            "timeouts": {
              "create": "30m",
              "delete": "15m",
              "update": null
            },
            "version": "1.17",
            "vpc_config": [
              {
                "cluster_security_group_id": "sg-0fe6ea9b908bc48ad",
                "endpoint_private_access": false,
                "endpoint_public_access": true,
                "public_access_cidrs": [
                  "0.0.0.0/0"
                ],
                "security_group_ids": [
                  "sg-0cf3e80aca92d5991"
                ],
                "subnet_ids": [
                  "subnet-228d6d7b",
                  "subnet-3d94594a",
                  "subnet-97983ff2"
                ],
                "vpc_id": "vpc-8704fae2"
              }
            ]
          },
          "private": "eyJlMmJmYjczMC1lY2FhLTExZTYtOGY4OC0zNDM2M2JjN2M0YzAiOnsiY3JlYXRlIjoxODAwMDAwMDAwMDAwLCJkZWxldGUiOjkwMDAwMDAwMDAwMCwidXBkYXRlIjozNjAwMDAwMDAwMDAwfX0=",
          "dependencies": [
            "module.my-cluster.aws_cloudwatch_log_group.this",
            "module.my-cluster.aws_iam_role.cluster",
            "module.my-cluster.aws_iam_role_policy_attachment.cluster_AmazonEKSClusterPolicy",
            "module.my-cluster.aws_iam_role_policy_attachment.cluster_AmazonEKSServicePolicy",
            "module.my-cluster.aws_security_group.cluster",
            "module.my-cluster.aws_security_group_rule.cluster_egress_internet",
            "module.my-cluster.aws_security_group_rule.cluster_https_worker_ingress",
            "module.my-cluster.data.aws_iam_role.custom_cluster_iam_role"
          ],
          "create_before_destroy": true
        }
      ]
    },
    {
      "module": "module.my-cluster",
      "mode": "managed",
      "type": "aws_iam_instance_profile",
      "name": "workers",
      "provider": "provider[\"registry.terraform.io/hashicorp/aws\"]",
      "instances": [
        {
          "index_key": 0,
          "schema_version": 0,
          "attributes": {
            "arn": "arn:aws:iam::639665472525:instance-profile/gordon-terraform-eks20200920163445163500000002",
            "create_date": "2020-09-20T16:34:46Z",
            "id": "gordon-terraform-eks20200920163445163500000002",
            "name": "gordon-terraform-eks20200920163445163500000002",
            "name_prefix": "gordon-terraform-eks",
            "path": "/",
            "role": "gordon-terraform-eks20200920163443170100000001",
            "unique_id": "AIPAZJ3YIQQGS6TD7NGHV"
          },
          "private": "bnVsbA==",
          "dependencies": [
            "module.my-cluster.aws_cloudwatch_log_group.this",
            "module.my-cluster.aws_eks_cluster.this",
            "module.my-cluster.aws_iam_role.cluster",
            "module.my-cluster.aws_iam_role.workers",
            "module.my-cluster.aws_iam_role_policy_attachment.cluster_AmazonEKSClusterPolicy",
            "module.my-cluster.aws_iam_role_policy_attachment.cluster_AmazonEKSServicePolicy",
            "module.my-cluster.aws_security_group.cluster",
            "module.my-cluster.aws_security_group_rule.cluster_egress_internet",
            "module.my-cluster.aws_security_group_rule.cluster_https_worker_ingress",
            "module.my-cluster.data.aws_iam_policy_document.workers_assume_role_policy",
            "module.my-cluster.data.aws_iam_role.custom_cluster_iam_role"
          ],
          "create_before_destroy": true
        }
      ]
    },
    {
      "module": "module.my-cluster",
      "mode": "managed",
      "type": "aws_iam_role",
      "name": "cluster",
      "provider": "provider[\"registry.terraform.io/hashicorp/aws\"]",
      "instances": [
        {
          "index_key": 0,
          "schema_version": 0,
          "attributes": {
            "arn": "arn:aws:iam::639665472525:role/gordon-terraform-eks20200920160814096500000001",
            "assume_role_policy": "{\"Version\":\"2012-10-17\",\"Statement\":[{\"Sid\":\"EKSClusterAssumeRole\",\"Effect\":\"Allow\",\"Principal\":{\"Service\":\"eks.amazonaws.com\"},\"Action\":\"sts:AssumeRole\"}]}",
            "create_date": "2020-09-20T16:08:11Z",
            "description": "",
            "force_detach_policies": true,
            "id": "gordon-terraform-eks20200920160814096500000001",
            "max_session_duration": 3600,
            "name": "gordon-terraform-eks20200920160814096500000001",
            "name_prefix": "gordon-terraform-eks",
            "path": "/",
            "permissions_boundary": null,
            "tags": {},
            "unique_id": "AROAZJ3YIQQGWVEBBXT4D"
          },
          "private": "bnVsbA==",
          "dependencies": [
            "module.my-cluster.data.aws_iam_policy_document.cluster_assume_role_policy"
          ],
          "create_before_destroy": true
        }
      ]
    },
    {
      "module": "module.my-cluster",
      "mode": "managed",
      "type": "aws_iam_role",
      "name": "workers",
      "provider": "provider[\"registry.terraform.io/hashicorp/aws\"]",
      "instances": [
        {
          "index_key": 0,
          "schema_version": 0,
          "attributes": {
            "arn": "arn:aws:iam::639665472525:role/gordon-terraform-eks20200920163443170100000001",
            "assume_role_policy": "{\"Version\":\"2012-10-17\",\"Statement\":[{\"Sid\":\"EKSWorkerAssumeRole\",\"Effect\":\"Allow\",\"Principal\":{\"Service\":\"ec2.amazonaws.com\"},\"Action\":\"sts:AssumeRole\"}]}",
            "create_date": "2020-09-20T16:34:39Z",
            "description": "",
            "force_detach_policies": true,
            "id": "gordon-terraform-eks20200920163443170100000001",
            "max_session_duration": 3600,
            "name": "gordon-terraform-eks20200920163443170100000001",
            "name_prefix": "gordon-terraform-eks",
            "path": "/",
            "permissions_boundary": null,
            "tags": {},
            "unique_id": "AROAZJ3YIQQGZ5DD74YGH"
          },
          "private": "bnVsbA==",
          "dependencies": [
            "module.my-cluster.aws_cloudwatch_log_group.this",
            "module.my-cluster.aws_eks_cluster.this",
            "module.my-cluster.aws_iam_role.cluster",
            "module.my-cluster.aws_iam_role_policy_attachment.cluster_AmazonEKSClusterPolicy",
            "module.my-cluster.aws_iam_role_policy_attachment.cluster_AmazonEKSServicePolicy",
            "module.my-cluster.aws_security_group.cluster",
            "module.my-cluster.aws_security_group_rule.cluster_egress_internet",
            "module.my-cluster.aws_security_group_rule.cluster_https_worker_ingress",
            "module.my-cluster.data.aws_iam_policy_document.workers_assume_role_policy",
            "module.my-cluster.data.aws_iam_role.custom_cluster_iam_role"
          ],
          "create_before_destroy": true
        }
      ]
    },
    {
      "module": "module.my-cluster",
      "mode": "managed",
      "type": "aws_iam_role_policy",
      "name": "cluster_elb_sl_role_creation",
      "provider": "provider[\"registry.terraform.io/hashicorp/aws\"]",
      "instances": [
        {
          "index_key": 0,
          "schema_version": 0,
          "attributes": {
            "id": "gordon-terraform-eks20200920160814096500000001:gordon-terraform-eks-elb-sl-role-creation20200920160816051600000002",
            "name": "gordon-terraform-eks-elb-sl-role-creation20200920160816051600000002",
            "name_prefix": "gordon-terraform-eks-elb-sl-role-creation",
            "policy": "{\n  \"Version\": \"2012-10-17\",\n  \"Statement\": [\n    {\n      \"Sid\": \"\",\n      \"Effect\": \"Allow\",\n      \"Action\": [\n        \"ec2:DescribeInternetGateways\",\n        \"ec2:DescribeAccountAttributes\"\n      ],\n      \"Resource\": \"*\"\n    }\n  ]\n}",
            "role": "gordon-terraform-eks20200920160814096500000001"
          },
          "private": "bnVsbA==",
          "dependencies": [
            "module.my-cluster.aws_iam_role.cluster",
            "module.my-cluster.data.aws_iam_policy_document.cluster_assume_role_policy",
            "module.my-cluster.data.aws_iam_policy_document.cluster_elb_sl_role_creation"
          ]
        }
      ]
    },
    {
      "module": "module.my-cluster",
      "mode": "managed",
      "type": "aws_iam_role_policy_attachment",
      "name": "cluster_AmazonEKSClusterPolicy",
      "provider": "provider[\"registry.terraform.io/hashicorp/aws\"]",
      "instances": [
        {
          "index_key": 0,
          "schema_version": 0,
          "attributes": {
            "id": "gordon-terraform-eks20200920160814096500000001-20200920160816642200000003",
            "policy_arn": "arn:aws:iam::aws:policy/AmazonEKSClusterPolicy",
            "role": "gordon-terraform-eks20200920160814096500000001"
          },
          "private": "bnVsbA==",
          "dependencies": [
            "module.my-cluster.aws_iam_role.cluster",
            "module.my-cluster.data.aws_iam_policy_document.cluster_assume_role_policy",
            "module.my-cluster.data.aws_partition.current"
          ],
          "create_before_destroy": true
        }
      ]
    },
    {
      "module": "module.my-cluster",
      "mode": "managed",
      "type": "aws_iam_role_policy_attachment",
      "name": "cluster_AmazonEKSServicePolicy",
      "provider": "provider[\"registry.terraform.io/hashicorp/aws\"]",
      "instances": [
        {
          "index_key": 0,
          "schema_version": 0,
          "attributes": {
            "id": "gordon-terraform-eks20200920160814096500000001-20200920160816743100000004",
            "policy_arn": "arn:aws:iam::aws:policy/AmazonEKSServicePolicy",
            "role": "gordon-terraform-eks20200920160814096500000001"
          },
          "private": "bnVsbA==",
          "dependencies": [
            "module.my-cluster.aws_iam_role.cluster",
            "module.my-cluster.data.aws_iam_policy_document.cluster_assume_role_policy",
            "module.my-cluster.data.aws_partition.current"
          ],
          "create_before_destroy": true
        }
      ]
    },
    {
      "module": "module.my-cluster",
      "mode": "managed",
      "type": "aws_iam_role_policy_attachment",
      "name": "workers_AmazonEC2ContainerRegistryReadOnly",
      "provider": "provider[\"registry.terraform.io/hashicorp/aws\"]",
      "instances": [
        {
          "index_key": 0,
          "schema_version": 0,
          "attributes": {
            "id": "gordon-terraform-eks20200920163443170100000001-20200920163451580900000004",
            "policy_arn": "arn:aws:iam::aws:policy/AmazonEC2ContainerRegistryReadOnly",
            "role": "gordon-terraform-eks20200920163443170100000001"
          },
          "private": "bnVsbA==",
          "dependencies": [
            "module.my-cluster.aws_cloudwatch_log_group.this",
            "module.my-cluster.aws_eks_cluster.this",
            "module.my-cluster.aws_iam_role.cluster",
            "module.my-cluster.aws_iam_role.workers",
            "module.my-cluster.aws_iam_role_policy_attachment.cluster_AmazonEKSClusterPolicy",
            "module.my-cluster.aws_iam_role_policy_attachment.cluster_AmazonEKSServicePolicy",
            "module.my-cluster.aws_security_group.cluster",
            "module.my-cluster.aws_security_group_rule.cluster_egress_internet",
            "module.my-cluster.aws_security_group_rule.cluster_https_worker_ingress",
            "module.my-cluster.data.aws_iam_policy_document.workers_assume_role_policy",
            "module.my-cluster.data.aws_iam_role.custom_cluster_iam_role",
            "module.my-cluster.data.aws_partition.current"
          ],
          "create_before_destroy": true
        }
      ]
    },
    {
      "module": "module.my-cluster",
      "mode": "managed",
      "type": "aws_iam_role_policy_attachment",
      "name": "workers_AmazonEKSWorkerNodePolicy",
      "provider": "provider[\"registry.terraform.io/hashicorp/aws\"]",
      "instances": [
        {
          "index_key": 0,
          "schema_version": 0,
          "attributes": {
            "id": "gordon-terraform-eks20200920163443170100000001-20200920163451579500000003",
            "policy_arn": "arn:aws:iam::aws:policy/AmazonEKSWorkerNodePolicy",
            "role": "gordon-terraform-eks20200920163443170100000001"
          },
          "private": "bnVsbA==",
          "dependencies": [
            "module.my-cluster.aws_cloudwatch_log_group.this",
            "module.my-cluster.aws_eks_cluster.this",
            "module.my-cluster.aws_iam_role.cluster",
            "module.my-cluster.aws_iam_role.workers",
            "module.my-cluster.aws_iam_role_policy_attachment.cluster_AmazonEKSClusterPolicy",
            "module.my-cluster.aws_iam_role_policy_attachment.cluster_AmazonEKSServicePolicy",
            "module.my-cluster.aws_security_group.cluster",
            "module.my-cluster.aws_security_group_rule.cluster_egress_internet",
            "module.my-cluster.aws_security_group_rule.cluster_https_worker_ingress",
            "module.my-cluster.data.aws_iam_policy_document.workers_assume_role_policy",
            "module.my-cluster.data.aws_iam_role.custom_cluster_iam_role",
            "module.my-cluster.data.aws_partition.current"
          ],
          "create_before_destroy": true
        }
      ]
    },
    {
      "module": "module.my-cluster",
      "mode": "managed",
      "type": "aws_iam_role_policy_attachment",
      "name": "workers_AmazonEKS_CNI_Policy",
      "provider": "provider[\"registry.terraform.io/hashicorp/aws\"]",
      "instances": [
        {
          "index_key": 0,
          "schema_version": 0,
          "attributes": {
            "id": "gordon-terraform-eks20200920163443170100000001-20200920163451582000000005",
            "policy_arn": "arn:aws:iam::aws:policy/AmazonEKS_CNI_Policy",
            "role": "gordon-terraform-eks20200920163443170100000001"
          },
          "private": "bnVsbA==",
          "dependencies": [
            "module.my-cluster.aws_cloudwatch_log_group.this",
            "module.my-cluster.aws_eks_cluster.this",
            "module.my-cluster.aws_iam_role.cluster",
            "module.my-cluster.aws_iam_role.workers",
            "module.my-cluster.aws_iam_role_policy_attachment.cluster_AmazonEKSClusterPolicy",
            "module.my-cluster.aws_iam_role_policy_attachment.cluster_AmazonEKSServicePolicy",
            "module.my-cluster.aws_security_group.cluster",
            "module.my-cluster.aws_security_group_rule.cluster_egress_internet",
            "module.my-cluster.aws_security_group_rule.cluster_https_worker_ingress",
            "module.my-cluster.data.aws_iam_policy_document.workers_assume_role_policy",
            "module.my-cluster.data.aws_iam_role.custom_cluster_iam_role",
            "module.my-cluster.data.aws_partition.current"
          ],
          "create_before_destroy": true
        }
      ]
    },
    {
      "module": "module.my-cluster",
      "mode": "managed",
      "type": "aws_launch_configuration",
      "name": "workers",
      "provider": "provider[\"registry.terraform.io/hashicorp/aws\"]",
      "instances": [
        {
          "index_key": 0,
          "schema_version": 0,
          "attributes": {
            "arn": "arn:aws:autoscaling:eu-west-1:639665472525:launchConfiguration:d3898516-488b-4402-851f-3717d979e099:launchConfigurationName/gordon-terraform-eks-020200920163453293100000006",
            "associate_public_ip_address": false,
            "ebs_block_device": [],
            "ebs_optimized": true,
            "enable_monitoring": true,
            "ephemeral_block_device": [],
            "iam_instance_profile": "gordon-terraform-eks20200920163445163500000002",
            "id": "gordon-terraform-eks-020200920163453293100000006",
            "image_id": "ami-0af93ebcaa763f50b",
            "instance_type": "m5.large",
            "key_name": "",
            "name": "gordon-terraform-eks-020200920163453293100000006",
            "name_prefix": "gordon-terraform-eks-0",
            "placement_tenancy": "",
            "root_block_device": [
              {
                "delete_on_termination": true,
                "encrypted": false,
                "iops": 0,
                "volume_size": 100,
                "volume_type": "gp2"
              }
            ],
            "security_groups": [
              "sg-0038f2f3f19fdc6e4"
            ],
            "spot_price": "0.0369",
            "user_data": null,
            "user_data_base64": "IyEvYmluL2Jhc2ggLXhlCgojIEFsbG93IHVzZXIgc3VwcGxpZWQgcHJlIHVzZXJkYXRhIGNvZGUKCgojIEJvb3RzdHJhcCBhbmQgam9pbiB0aGUgY2x1c3RlcgovZXRjL2Vrcy9ib290c3RyYXAuc2ggLS1iNjQtY2x1c3Rlci1jYSAnTFMwdExTMUNSVWRKVGlCRFJWSlVTVVpKUTBGVVJTMHRMUzB0Q2sxSlNVTjVSRU5EUVdKRFowRjNTVUpCWjBsQ1FVUkJUa0puYTNGb2EybEhPWGN3UWtGUmMwWkJSRUZXVFZKTmQwVlJXVVJXVVZGRVJYZHdjbVJYU213S1kyMDFiR1JIVm5wTlFqUllSRlJKZDAxRWEzbE5SRVV5VFdwcmQwMVdiMWhFVkUxM1RVUnJlRTlFUlRKTmFtdDNUVlp2ZDBaVVJWUk5Ra1ZIUVRGVlJRcEJlRTFMWVROV2FWcFlTblZhV0ZKc1kzcERRMEZUU1hkRVVWbEtTMjlhU1doMlkwNUJVVVZDUWxGQlJHZG5SVkJCUkVORFFWRnZRMmRuUlVKQlRqZExDblV5YTJsSVZuTkhWRGxtT0Rndk16VjRNakJLVkVsQmNHUm9WMEZWUW1WdlRGVjVaR2xMUzA5eWEyZFhhelpyUTFsMGRYRTJielpZUmxSYWNGZE1lR0lLYmtaeU5YUjVibmhLVGs4dllWcHpjWEJWTmpWalZVNUhUM2RpWlZKS1JsQTNiR0oyVDB4RFlUQjFLMGhYYVRKS1luTlNXSHBOWkVORVQydG9kRTFRZEFwaWVXWmljbE5QZGtsUk9VdFFiVTVpZWpSRVdtcE9jVVpHVHpZMGVFZE9ZME5RWWpBNFdWVXJaVUZEUzJWa2RFZFJUa05JUVV0S1NVUktOV1oxUVZCUkNrZFRhVUpJVUhKUEt6QnJjVVJYVTJKNWFGQnlLMVptWVd0VlpFSnFiVlJwYlUxbVdEVkJhRkpoYUdGV2FGTjNVMDVwWVc1WVNqTTVkR3RpTlVKT01td0tVMEZEWkM5b1RteHJVR2RFSzJadVRITm1XRXBtY0RWVVZubFlRVWxrWkUweGIxVldVRVZTVDBSYWRIUmxablJTUkZoSFJrNWtVVUZpTlV0VWRGTk1iZ3BGVlhST1NYWnlhREI1TVZNM1VEZHNjMGROUTBGM1JVRkJZVTFxVFVORmQwUm5XVVJXVWpCUVFWRklMMEpCVVVSQlowdHJUVUU0UjBFeFZXUkZkMFZDQ2k5M1VVWk5RVTFDUVdZNGQwUlJXVXBMYjFwSmFIWmpUa0ZSUlV4Q1VVRkVaMmRGUWtGQ1ZtRlplRnBSZVd0MGVGSktTRUppVHpKQmVIUm5SVU5WYlhNS1ZFeFJXVVpFZEdzM1JUWkdNV1VyTkdSNFdXZFhUMjFKTVc1S2FYaE5hMFZvT1dOUE16SkJZMk5OTkV4cU5HcFNlSGQ1TkRBeVNVcGlOR293TUZwcVlncEJiV0ZyZFdNeWIxaG5lVlZaU0dsTWNqSkJVME5pVjJsVGVFc3pWMjA0WVdkRVRXOWxVakZXTVRjdmJEWTNabnAyS3lzMU5YUkVkbmxMUldoQldrMDBDa05ZT0c1WllsVTBUamhzYkVkblp6SnVkRFJUZFdWclVTdExUV1pDUjB3NVowUjFNM2hYTUZaWFRVeHlkRXhPSzIxb2RrWjJWMXBXVlN0MVF5OXhiRE1LTkRWS00wMTZOMjlIVFVwaFVFMXlPWE4zVWk5bE0yRTVXV3R1ZUdjNVRFNTNWRFpZZG1vMVNYaHdTRkZtTVM5TlEyaHRTa1E1VlRaQlJrUlpNVmhHU2dwa09IWXZkaXQxWkcxbVRHeFNRVVJoYm1WM1p6bEpOamxNUTBVM1QyNUJNVFJhZDBzcmJ6QnBiRGxDZFVsRWVHcHZWWE01UjNCeFpUaHdRVDBLTFMwdExTMUZUa1FnUTBWU1ZFbEdTVU5CVkVVdExTMHRMUW89JyAtLWFwaXNlcnZlci1lbmRwb2ludCAnaHR0cHM6Ly81QjUxQzZEQzQwMDg0M0YyRTJBQzFDOEQ0ODY5Q0FFNS55bDQuZXUtd2VzdC0xLmVrcy5hbWF6b25hd3MuY29tJyAgLS1rdWJlbGV0LWV4dHJhLWFyZ3MgIi0tbm9kZS1sYWJlbHM9bm9kZS5rdWJlcm5ldGVzLmlvL2xpZmVjeWNsZT1zcG90IiAnZ29yZG9uLXRlcnJhZm9ybS1la3MnCgojIEFsbG93IHVzZXIgc3VwcGxpZWQgdXNlcmRhdGEgY29kZQoK",
            "vpc_classic_link_id": "",
            "vpc_classic_link_security_groups": []
          },
          "private": "bnVsbA==",
          "dependencies": [
            "module.my-cluster.aws_cloudwatch_log_group.this",
            "module.my-cluster.aws_eks_cluster.this",
            "module.my-cluster.aws_iam_instance_profile.workers",
            "module.my-cluster.aws_iam_role.cluster",
            "module.my-cluster.aws_iam_role.workers",
            "module.my-cluster.aws_iam_role_policy_attachment.cluster_AmazonEKSClusterPolicy",
            "module.my-cluster.aws_iam_role_policy_attachment.cluster_AmazonEKSServicePolicy",
            "module.my-cluster.aws_iam_role_policy_attachment.workers_AmazonEC2ContainerRegistryReadOnly",
            "module.my-cluster.aws_iam_role_policy_attachment.workers_AmazonEKSWorkerNodePolicy",
            "module.my-cluster.aws_iam_role_policy_attachment.workers_AmazonEKS_CNI_Policy",
            "module.my-cluster.aws_iam_role_policy_attachment.workers_additional_policies",
            "module.my-cluster.aws_security_group.cluster",
            "module.my-cluster.aws_security_group.workers",
            "module.my-cluster.aws_security_group_rule.cluster_egress_internet",
            "module.my-cluster.aws_security_group_rule.cluster_https_worker_ingress",
            "module.my-cluster.aws_security_group_rule.cluster_primary_ingress_workers",
            "module.my-cluster.aws_security_group_rule.workers_egress_internet",
            "module.my-cluster.aws_security_group_rule.workers_ingress_cluster",
            "module.my-cluster.aws_security_group_rule.workers_ingress_cluster_https",
            "module.my-cluster.aws_security_group_rule.workers_ingress_cluster_kubelet",
            "module.my-cluster.aws_security_group_rule.workers_ingress_cluster_primary",
            "module.my-cluster.aws_security_group_rule.workers_ingress_self",
            "module.my-cluster.data.aws_ami.eks_worker",
            "module.my-cluster.data.aws_ami.eks_worker_windows",
            "module.my-cluster.data.aws_iam_instance_profile.custom_worker_group_iam_instance_profile",
            "module.my-cluster.data.aws_iam_policy_document.workers_assume_role_policy",
            "module.my-cluster.data.aws_iam_role.custom_cluster_iam_role",
            "module.my-cluster.data.aws_partition.current",
            "module.my-cluster.data.template_file.userdata"
          ],
          "create_before_destroy": true
        }
      ]
    },
    {
      "module": "module.my-cluster",
      "mode": "managed",
      "type": "aws_security_group",
      "name": "cluster",
      "provider": "provider[\"registry.terraform.io/hashicorp/aws\"]",
      "instances": [
        {
          "index_key": 0,
          "schema_version": 1,
          "attributes": {
            "arn": "arn:aws:ec2:eu-west-1:639665472525:security-group/sg-0cf3e80aca92d5991",
            "description": "EKS cluster security group.",
            "egress": [
              {
                "cidr_blocks": [
                  "0.0.0.0/0"
                ],
                "description": "Allow cluster egress access to the Internet.",
                "from_port": 0,
                "ipv6_cidr_blocks": [],
                "prefix_list_ids": [],
                "protocol": "-1",
                "security_groups": [],
                "self": false,
                "to_port": 0
              }
            ],
            "id": "sg-0cf3e80aca92d5991",
            "ingress": [
              {
                "cidr_blocks": [],
                "description": "Allow pods to communicate with the EKS cluster API.",
                "from_port": 443,
                "ipv6_cidr_blocks": [],
                "prefix_list_ids": [],
                "protocol": "tcp",
                "security_groups": [
                  "sg-0038f2f3f19fdc6e4"
                ],
                "self": false,
                "to_port": 443
              }
            ],
            "name": "gordon-terraform-eks20200920160503872400000002",
            "name_prefix": "gordon-terraform-eks",
            "owner_id": "639665472525",
            "revoke_rules_on_delete": false,
            "tags": {
              "Name": "gordon-terraform-eks-eks_cluster_sg"
            },
            "timeouts": null,
            "vpc_id": "vpc-8704fae2"
          },
          "private": "eyJlMmJmYjczMC1lY2FhLTExZTYtOGY4OC0zNDM2M2JjN2M0YzAiOnsiY3JlYXRlIjo2MDAwMDAwMDAwMDAsImRlbGV0ZSI6NjAwMDAwMDAwMDAwfSwic2NoZW1hX3ZlcnNpb24iOiIxIn0=",
          "create_before_destroy": true
        }
      ]
    },
    {
      "module": "module.my-cluster",
      "mode": "managed",
      "type": "aws_security_group",
      "name": "workers",
      "provider": "provider[\"registry.terraform.io/hashicorp/aws\"]",
      "instances": [
        {
          "index_key": 0,
          "schema_version": 1,
          "attributes": {
            "arn": "arn:aws:ec2:eu-west-1:639665472525:security-group/sg-0038f2f3f19fdc6e4",
            "description": "Security group for all nodes in the cluster.",
            "egress": [
              {
                "cidr_blocks": [
                  "0.0.0.0/0"
                ],
                "description": "Allow nodes all egress to the Internet.",
                "from_port": 0,
                "ipv6_cidr_blocks": [],
                "prefix_list_ids": [],
                "protocol": "-1",
                "security_groups": [],
                "self": false,
                "to_port": 0
              }
            ],
            "id": "sg-0038f2f3f19fdc6e4",
            "ingress": [
              {
                "cidr_blocks": [],
                "description": "Allow node to communicate with each other.",
                "from_port": 0,
                "ipv6_cidr_blocks": [],
                "prefix_list_ids": [],
                "protocol": "-1",
                "security_groups": [],
                "self": true,
                "to_port": 0
              },
              {
                "cidr_blocks": [],
                "description": "Allow pods running extension API servers on port 443 to receive communication from cluster control plane.",
                "from_port": 443,
                "ipv6_cidr_blocks": [],
                "prefix_list_ids": [],
                "protocol": "tcp",
                "security_groups": [
                  "sg-0cf3e80aca92d5991"
                ],
                "self": false,
                "to_port": 443
              },
              {
                "cidr_blocks": [],
                "description": "Allow workers pods to receive communication from the cluster control plane.",
                "from_port": 1025,
                "ipv6_cidr_blocks": [],
                "prefix_list_ids": [],
                "protocol": "tcp",
                "security_groups": [
                  "sg-0cf3e80aca92d5991"
                ],
                "self": false,
                "to_port": 65535
              }
            ],
            "name": "gordon-terraform-eks20200920160503872400000003",
            "name_prefix": "gordon-terraform-eks",
            "owner_id": "639665472525",
            "revoke_rules_on_delete": false,
            "tags": {
              "Name": "gordon-terraform-eks-eks_worker_sg",
              "kubernetes.io/cluster/gordon-terraform-eks": "owned"
            },
            "timeouts": null,
            "vpc_id": "vpc-8704fae2"
          },
          "private": "eyJlMmJmYjczMC1lY2FhLTExZTYtOGY4OC0zNDM2M2JjN2M0YzAiOnsiY3JlYXRlIjo2MDAwMDAwMDAwMDAsImRlbGV0ZSI6NjAwMDAwMDAwMDAwfSwic2NoZW1hX3ZlcnNpb24iOiIxIn0=",
          "create_before_destroy": true
        }
      ]
    },
    {
      "module": "module.my-cluster",
      "mode": "managed",
      "type": "aws_security_group_rule",
      "name": "cluster_egress_internet",
      "provider": "provider[\"registry.terraform.io/hashicorp/aws\"]",
      "instances": [
        {
          "index_key": 0,
          "schema_version": 2,
          "attributes": {
            "cidr_blocks": [
              "0.0.0.0/0"
            ],
            "description": "Allow cluster egress access to the Internet.",
            "from_port": 0,
            "id": "sgrule-3125696823",
            "ipv6_cidr_blocks": [],
            "prefix_list_ids": [],
            "protocol": "-1",
            "security_group_id": "sg-0cf3e80aca92d5991",
            "self": false,
            "source_security_group_id": null,
            "to_port": 0,
            "type": "egress"
          },
          "private": "eyJzY2hlbWFfdmVyc2lvbiI6IjIifQ==",
          "dependencies": [
            "module.my-cluster.aws_security_group.cluster"
          ],
          "create_before_destroy": true
        }
      ]
    },
    {
      "module": "module.my-cluster",
      "mode": "managed",
      "type": "aws_security_group_rule",
      "name": "cluster_https_worker_ingress",
      "provider": "provider[\"registry.terraform.io/hashicorp/aws\"]",
      "instances": [
        {
          "index_key": 0,
          "schema_version": 2,
          "attributes": {
            "cidr_blocks": [],
            "description": "Allow pods to communicate with the EKS cluster API.",
            "from_port": 443,
            "id": "sgrule-54366874",
            "ipv6_cidr_blocks": [],
            "prefix_list_ids": [],
            "protocol": "tcp",
            "security_group_id": "sg-0cf3e80aca92d5991",
            "self": false,
            "source_security_group_id": "sg-0038f2f3f19fdc6e4",
            "to_port": 443,
            "type": "ingress"
          },
          "private": "eyJzY2hlbWFfdmVyc2lvbiI6IjIifQ==",
          "dependencies": [
            "module.my-cluster.aws_security_group.cluster",
            "module.my-cluster.aws_security_group.workers"
          ],
          "create_before_destroy": true
        }
      ]
    },
    {
      "module": "module.my-cluster",
      "mode": "managed",
      "type": "aws_security_group_rule",
      "name": "workers_egress_internet",
      "provider": "provider[\"registry.terraform.io/hashicorp/aws\"]",
      "instances": [
        {
          "index_key": 0,
          "schema_version": 2,
          "attributes": {
            "cidr_blocks": [
              "0.0.0.0/0"
            ],
            "description": "Allow nodes all egress to the Internet.",
            "from_port": 0,
            "id": "sgrule-3673401734",
            "ipv6_cidr_blocks": [],
            "prefix_list_ids": [],
            "protocol": "-1",
            "security_group_id": "sg-0038f2f3f19fdc6e4",
            "self": false,
            "source_security_group_id": null,
            "to_port": 0,
            "type": "egress"
          },
          "private": "eyJzY2hlbWFfdmVyc2lvbiI6IjIifQ==",
          "dependencies": [
            "module.my-cluster.aws_security_group.workers"
          ],
          "create_before_destroy": true
        }
      ]
    },
    {
      "module": "module.my-cluster",
      "mode": "managed",
      "type": "aws_security_group_rule",
      "name": "workers_ingress_cluster",
      "provider": "provider[\"registry.terraform.io/hashicorp/aws\"]",
      "instances": [
        {
          "index_key": 0,
          "schema_version": 2,
          "attributes": {
            "cidr_blocks": [],
            "description": "Allow workers pods to receive communication from the cluster control plane.",
            "from_port": 1025,
            "id": "sgrule-2182141460",
            "ipv6_cidr_blocks": [],
            "prefix_list_ids": [],
            "protocol": "tcp",
            "security_group_id": "sg-0038f2f3f19fdc6e4",
            "self": false,
            "source_security_group_id": "sg-0cf3e80aca92d5991",
            "to_port": 65535,
            "type": "ingress"
          },
          "private": "eyJzY2hlbWFfdmVyc2lvbiI6IjIifQ==",
          "dependencies": [
            "module.my-cluster.aws_security_group.cluster",
            "module.my-cluster.aws_security_group.workers"
          ],
          "create_before_destroy": true
        }
      ]
    },
    {
      "module": "module.my-cluster",
      "mode": "managed",
      "type": "aws_security_group_rule",
      "name": "workers_ingress_cluster_https",
      "provider": "provider[\"registry.terraform.io/hashicorp/aws\"]",
      "instances": [
        {
          "index_key": 0,
          "schema_version": 2,
          "attributes": {
            "cidr_blocks": [],
            "description": "Allow pods running extension API servers on port 443 to receive communication from cluster control plane.",
            "from_port": 443,
            "id": "sgrule-3404669025",
            "ipv6_cidr_blocks": [],
            "prefix_list_ids": [],
            "protocol": "tcp",
            "security_group_id": "sg-0038f2f3f19fdc6e4",
            "self": false,
            "source_security_group_id": "sg-0cf3e80aca92d5991",
            "to_port": 443,
            "type": "ingress"
          },
          "private": "eyJzY2hlbWFfdmVyc2lvbiI6IjIifQ==",
          "dependencies": [
            "module.my-cluster.aws_security_group.cluster",
            "module.my-cluster.aws_security_group.workers"
          ],
          "create_before_destroy": true
        }
      ]
    },
    {
      "module": "module.my-cluster",
      "mode": "managed",
      "type": "aws_security_group_rule",
      "name": "workers_ingress_self",
      "provider": "provider[\"registry.terraform.io/hashicorp/aws\"]",
      "instances": [
        {
          "index_key": 0,
          "schema_version": 2,
          "attributes": {
            "cidr_blocks": [],
            "description": "Allow node to communicate with each other.",
            "from_port": 0,
            "id": "sgrule-3928796274",
            "ipv6_cidr_blocks": [],
            "prefix_list_ids": [],
            "protocol": "-1",
            "security_group_id": "sg-0038f2f3f19fdc6e4",
            "self": false,
            "source_security_group_id": "sg-0038f2f3f19fdc6e4",
            "to_port": 0,
            "type": "ingress"
          },
          "private": "eyJzY2hlbWFfdmVyc2lvbiI6IjIifQ==",
          "dependencies": [
            "module.my-cluster.aws_security_group.workers"
          ],
          "create_before_destroy": true
        }
      ]
    },
    {
      "module": "module.my-cluster",
      "mode": "managed",
      "type": "kubernetes_config_map",
      "name": "aws_auth",
      "provider": "provider[\"registry.terraform.io/hashicorp/kubernetes\"]",
      "instances": [
        {
          "index_key": 0,
          "schema_version": 0,
          "attributes": {
            "binary_data": null,
            "data": {
              "mapAccounts": "[]\n",
              "mapRoles": "- \"groups\":\n  - \"system:bootstrappers\"\n  - \"system:nodes\"\n  \"rolearn\": \"arn:aws:iam::639665472525:role/gordon-terraform-eks20200920163443170100000001\"\n  \"username\": \"system:node:{{EC2PrivateDNSName}}\"\n",
              "mapUsers": "[]\n"
            },
            "id": "kube-system/aws-auth",
            "metadata": [
              {
                "annotations": null,
                "generate_name": "",
                "generation": 0,
                "labels": null,
                "name": "aws-auth",
                "namespace": "kube-system",
                "resource_version": "14421",
                "self_link": "/api/v1/namespaces/kube-system/configmaps/aws-auth",
                "uid": "0fd84f6d-cd64-4b3c-8044-a4d4fa1affb9"
              }
            ]
          },
          "private": "bnVsbA==",
          "dependencies": [
            "data.aws_eks_cluster.cluster",
            "data.aws_eks_cluster_auth.cluster",
            "module.my-cluster.aws_eks_cluster.this",
            "module.my-cluster.aws_iam_instance_profile.workers",
            "module.my-cluster.aws_iam_instance_profile.workers_launch_template",
            "module.my-cluster.aws_iam_role.workers",
            "module.my-cluster.aws_security_group_rule.cluster_private_access",
            "module.my-cluster.data.aws_ami.eks_worker",
            "module.my-cluster.data.aws_caller_identity.current",
            "module.my-cluster.data.aws_iam_instance_profile.custom_worker_group_iam_instance_profile",
            "module.my-cluster.data.aws_iam_instance_profile.custom_worker_group_launch_template_iam_instance_profile",
            "module.my-cluster.data.aws_partition.current",
            "module.my-cluster.null_resource.wait_for_cluster"
          ]
        }
      ]
    },
    {
      "module": "module.my-cluster",
      "mode": "managed",
      "type": "local_file",
      "name": "kubeconfig",
      "provider": "provider[\"registry.terraform.io/hashicorp/local\"]",
      "instances": [
        {
          "index_key": 0,
          "schema_version": 0,
          "attributes": {
            "content": "apiVersion: v1\npreferences: {}\nkind: Config\n\nclusters:\n- cluster:\n    server: https://5B51C6DC400843F2E2AC1C8D4869CAE5.yl4.eu-west-1.eks.amazonaws.com\n    certificate-authority-data: LS0tLS1CRUdJTiBDRVJUSUZJQ0FURS0tLS0tCk1JSUN5RENDQWJDZ0F3SUJBZ0lCQURBTkJna3Foa2lHOXcwQkFRc0ZBREFWTVJNd0VRWURWUVFERXdwcmRXSmwKY201bGRHVnpNQjRYRFRJd01Ea3lNREUyTWprd01Wb1hEVE13TURreE9ERTJNamt3TVZvd0ZURVRNQkVHQTFVRQpBeE1LYTNWaVpYSnVaWFJsY3pDQ0FTSXdEUVlKS29aSWh2Y05BUUVCQlFBRGdnRVBBRENDQVFvQ2dnRUJBTjdLCnUya2lIVnNHVDlmODgvMzV4MjBKVElBcGRoV0FVQmVvTFV5ZGlLS09ya2dXazZrQ1l0dXE2bzZYRlRacFdMeGIKbkZyNXR5bnhKTk8vYVpzcXBVNjVjVU5HT3diZVJKRlA3bGJ2T0xDYTB1K0hXaTJKYnNSWHpNZENET2todE1QdApieWZiclNPdklROUtQbU5iejREWmpOcUZGTzY0eEdOY0NQYjA4WVUrZUFDS2VkdEdRTkNIQUtKSURKNWZ1QVBRCkdTaUJIUHJPKzBrcURXU2J5aFByK1ZmYWtVZEJqbVRpbU1mWDVBaFJhaGFWaFN3U05pYW5YSjM5dGtiNUJOMmwKU0FDZC9oTmxrUGdEK2ZuTHNmWEpmcDVUVnlYQUlkZE0xb1VWUEVST0RadHRlZnRSRFhHRk5kUUFiNUtUdFNMbgpFVXROSXZyaDB5MVM3UDdsc0dNQ0F3RUFBYU1qTUNFd0RnWURWUjBQQVFIL0JBUURBZ0trTUE4R0ExVWRFd0VCCi93UUZNQU1CQWY4d0RRWUpLb1pJaHZjTkFRRUxCUUFEZ2dFQkFCVmFZeFpReWt0eFJKSEJiTzJBeHRnRUNVbXMKVExRWUZEdGs3RTZGMWUrNGR4WWdXT21JMW5KaXhNa0VoOWNPMzJBY2NNNExqNGpSeHd5NDAySUpiNGowMFpqYgpBbWFrdWMyb1hneVVZSGlMcjJBU0NiV2lTeEszV204YWdETW9lUjFWMTcvbDY3Znp2Kys1NXREdnlLRWhBWk00CkNYOG5ZYlU0TjhsbEdnZzJudDRTdWVrUStLTWZCR0w5Z0R1M3hXMFZXTUxydExOK21odkZ2V1pWVSt1Qy9xbDMKNDVKM016N29HTUphUE1yOXN3Ui9lM2E5WWtueGc5TE53VDZYdmo1SXhwSFFmMS9NQ2htSkQ5VTZBRkRZMVhGSgpkOHYvdit1ZG1mTGxSQURhbmV3ZzlJNjlMQ0U3T25BMTRad0srbzBpbDlCdUlEeGpvVXM5R3BxZThwQT0KLS0tLS1FTkQgQ0VSVElGSUNBVEUtLS0tLQo=\n  name: eks_gordon-terraform-eks\n\ncontexts:\n- context:\n    cluster: eks_gordon-terraform-eks\n    user: eks_gordon-terraform-eks\n  name: eks_gordon-terraform-eks\n\ncurrent-context: eks_gordon-terraform-eks\n\nusers:\n- name: eks_gordon-terraform-eks\n  user:\n    exec:\n      apiVersion: client.authentication.k8s.io/v1alpha1\n      command: aws-iam-authenticator\n      args:\n        - \"token\"\n        - \"-i\"\n        - \"gordon-terraform-eks\"\n",
            "content_base64": null,
            "directory_permission": "0755",
            "file_permission": "0644",
            "filename": "./kubeconfig_gordon-terraform-eks",
            "id": "e9f609be834186408c1b8690d59f72d6fb804040",
            "sensitive_content": null
          },
          "private": "bnVsbA==",
          "dependencies": [
            "module.my-cluster.aws_cloudwatch_log_group.this",
            "module.my-cluster.aws_eks_cluster.this",
            "module.my-cluster.aws_iam_role.cluster",
            "module.my-cluster.aws_iam_role_policy_attachment.cluster_AmazonEKSClusterPolicy",
            "module.my-cluster.aws_iam_role_policy_attachment.cluster_AmazonEKSServicePolicy",
            "module.my-cluster.aws_security_group.cluster",
            "module.my-cluster.aws_security_group_rule.cluster_egress_internet",
            "module.my-cluster.aws_security_group_rule.cluster_https_worker_ingress",
            "module.my-cluster.data.aws_iam_role.custom_cluster_iam_role"
          ]
        }
      ]
    },
    {
      "module": "module.my-cluster",
      "mode": "managed",
      "type": "null_resource",
      "name": "wait_for_cluster",
      "provider": "provider[\"registry.terraform.io/hashicorp/null\"]",
      "instances": [
        {
          "index_key": 0,
          "schema_version": 0,
          "attributes": {
            "id": "4799483322909173139",
            "triggers": null
          },
          "private": "bnVsbA==",
          "dependencies": [
            "module.my-cluster.aws_eks_cluster.this",
            "module.my-cluster.aws_security_group_rule.cluster_private_access"
          ]
        }
      ]
    },
    {
      "module": "module.my-cluster",
      "mode": "managed",
      "type": "random_pet",
      "name": "workers",
      "provider": "provider[\"registry.terraform.io/hashicorp/random\"]",
      "instances": [
        {
          "index_key": 0,
          "schema_version": 0,
          "attributes": {
            "id": "master-stag",
            "keepers": {
              "lc_name": "gordon-terraform-eks-020200920163453293100000006"
            },
            "length": 2,
            "prefix": null,
            "separator": "-"
          },
          "private": "bnVsbA==",
          "dependencies": [
            "module.my-cluster.aws_cloudwatch_log_group.this",
            "module.my-cluster.aws_eks_cluster.this",
            "module.my-cluster.aws_iam_instance_profile.workers",
            "module.my-cluster.aws_iam_role.cluster",
            "module.my-cluster.aws_iam_role.workers",
            "module.my-cluster.aws_iam_role_policy_attachment.cluster_AmazonEKSClusterPolicy",
            "module.my-cluster.aws_iam_role_policy_attachment.cluster_AmazonEKSServicePolicy",
            "module.my-cluster.aws_iam_role_policy_attachment.workers_AmazonEC2ContainerRegistryReadOnly",
            "module.my-cluster.aws_iam_role_policy_attachment.workers_AmazonEKSWorkerNodePolicy",
            "module.my-cluster.aws_iam_role_policy_attachment.workers_AmazonEKS_CNI_Policy",
            "module.my-cluster.aws_iam_role_policy_attachment.workers_additional_policies",
            "module.my-cluster.aws_launch_configuration.workers",
            "module.my-cluster.aws_security_group.cluster",
            "module.my-cluster.aws_security_group.workers",
            "module.my-cluster.aws_security_group_rule.cluster_egress_internet",
            "module.my-cluster.aws_security_group_rule.cluster_https_worker_ingress",
            "module.my-cluster.aws_security_group_rule.cluster_primary_ingress_workers",
            "module.my-cluster.aws_security_group_rule.workers_egress_internet",
            "module.my-cluster.aws_security_group_rule.workers_ingress_cluster",
            "module.my-cluster.aws_security_group_rule.workers_ingress_cluster_https",
            "module.my-cluster.aws_security_group_rule.workers_ingress_cluster_kubelet",
            "module.my-cluster.aws_security_group_rule.workers_ingress_cluster_primary",
            "module.my-cluster.aws_security_group_rule.workers_ingress_self",
            "module.my-cluster.data.aws_ami.eks_worker",
            "module.my-cluster.data.aws_ami.eks_worker_windows",
            "module.my-cluster.data.aws_iam_instance_profile.custom_worker_group_iam_instance_profile",
            "module.my-cluster.data.aws_iam_policy_document.workers_assume_role_policy",
            "module.my-cluster.data.aws_iam_role.custom_cluster_iam_role",
            "module.my-cluster.data.aws_partition.current",
            "module.my-cluster.data.template_file.userdata"
          ],
          "create_before_destroy": true
        }
      ]
    }
  ]
}
